
Microsoft Visual Studio Solution File, Format Version 12.00
# Visual Studio 15
VisualStudioVersion = 15.0.27130.2003
MinimumVisualStudioVersion = 10.0.40219.1
Project("{2150E333-8FDC-42A3-9474-1A3956D46DE8}") = "04Week", "04Week", "{AD5EFA6B-409E-44A9-94A7-C25F8585E6A2}"
EndProject
Project("{FAE04EC0-301F-11D3-BF4B-00C04F79EFBC}") = "TowersOfHanoi", "TowersOfHanoi\TowersOfHanoi.csproj", "{4FBA3981-44AF-4050-B280-BD25ADDB42D6}"
EndProject
Project("{2150E333-8FDC-42A3-9474-1A3956D46DE8}") = "01Week", "01Week", "{C392F1AB-1580-409F-BA28-8D301159CA54}"
EndProject
Project("{2150E333-8FDC-42A3-9474-1A3956D46DE8}") = "02Week", "02Week", "{D5BE2A21-BC15-4B08-80D0-8F6A40681581}"
EndProject
Project("{2150E333-8FDC-42A3-9474-1A3956D46DE8}") = "03Week", "03Week", "{C348CCB9-5CEF-46CB-9C4B-F231F591A947}"
EndProject
Project("{FAE04EC0-301F-11D3-BF4B-00C04F79EFBC}") = "PigLatin", "PigLatin\PigLatin.csproj", "{0FEA1634-3441-4967-A800-91C6937DC5E0}"
EndProject
Project("{FAE04EC0-301F-11D3-BF4B-00C04F79EFBC}") = "TicTacToe", "TicTacToe\TicTacToe.csproj", "{02B7ECAC-0B7C-46DD-8802-95E55A25BE10}"
EndProject
Project("{FAE04EC0-301F-11D3-BF4B-00C04F79EFBC}") = "Mastermind", "Mastermind\Mastermind.csproj", "{2FC2558D-1A50-4F0E-8552-3A107AB87787}"
EndProject
Project("{FAE04EC0-301F-11D3-BF4B-00C04F79EFBC}") = "RockPaperScissors", "RockPaperScissors\RockPaperScissors.csproj", "{42C669FF-CA1C-42E8-B335-E0001B9FC713}"
EndProject
Project("{FAE04EC0-301F-11D3-BF4B-00C04F79EFBC}") = "StopWatch", "StopWatch\StopWatch.csproj", "{A18837F6-39FD-4E53-876C-12D03358B4BE}"
EndProject
Project("{2150E333-8FDC-42A3-9474-1A3956D46DE8}") = "05Week", "05Week", "{4CEC6916-65B5-4B3A-A710-003BC5A7F02F}"
EndProject
Project("{9A19103F-16F7-4668-BE54-9A1E7A4F7556}") = "BlogPost", "BlogPost\BlogPost.csproj", "{E19F2B92-355D-4391-86B3-4A8115FAE32E}"
EndProject
Project("{2150E333-8FDC-42A3-9474-1A3956D46DE8}") = "07Week", "07Week", "{779AD736-D0B0-4D8A-B8D0-BDFD57CC6D38}"
EndProject
Project("{FAE04EC0-301F-11D3-BF4B-00C04F79EFBC}") = "WorkFlow", "WorkFlow\WorkFlow.csproj", "{F3E020BA-7322-45AD-B0F5-645418AA8CE3}"
EndProject
Global
	GlobalSection(SolutionConfigurationPlatforms) = preSolution
		Debug|Any CPU = Debug|Any CPU
		Release|Any CPU = Release|Any CPU
	EndGlobalSection
	GlobalSection(ProjectConfigurationPlatforms) = postSolution
		{4FBA3981-44AF-4050-B280-BD25ADDB42D6}.Debug|Any CPU.ActiveCfg = Debug|Any CPU
		{4FBA3981-44AF-4050-B280-BD25ADDB42D6}.Debug|Any CPU.Build.0 = Debug|Any CPU
		{4FBA3981-44AF-4050-B280-BD25ADDB42D6}.Release|Any CPU.ActiveCfg = Release|Any CPU
		{4FBA3981-44AF-4050-B280-BD25ADDB42D6}.Release|Any CPU.Build.0 = Release|Any CPU
		{0FEA1634-3441-4967-A800-91C6937DC5E0}.Debug|Any CPU.ActiveCfg = Debug|Any CPU
		{0FEA1634-3441-4967-A800-91C6937DC5E0}.Debug|Any CPU.Build.0 = Debug|Any CPU
		{0FEA1634-3441-4967-A800-91C6937DC5E0}.Release|Any CPU.ActiveCfg = Release|Any CPU
		{0FEA1634-3441-4967-A800-91C6937DC5E0}.Release|Any CPU.Build.0 = Release|Any CPU
		{02B7ECAC-0B7C-46DD-8802-95E55A25BE10}.Debug|Any CPU.ActiveCfg = Debug|Any CPU
		{02B7ECAC-0B7C-46DD-8802-95E55A25BE10}.Debug|Any CPU.Build.0 = Debug|Any CPU
		{02B7ECAC-0B7C-46DD-8802-95E55A25BE10}.Release|Any CPU.ActiveCfg = Release|Any CPU
		{02B7ECAC-0B7C-46DD-8802-95E55A25BE10}.Release|Any CPU.Build.0 = Release|Any CPU
		{2FC2558D-1A50-4F0E-8552-3A107AB87787}.Debug|Any CPU.ActiveCfg = Debug|Any CPU
		{2FC2558D-1A50-4F0E-8552-3A107AB87787}.Debug|Any CPU.Build.0 = Debug|Any CPU
		{2FC2558D-1A50-4F0E-8552-3A107AB87787}.Release|Any CPU.ActiveCfg = Release|Any CPU
		{2FC2558D-1A50-4F0E-8552-3A107AB87787}.Release|Any CPU.Build.0 = Release|Any CPU
		{42C669FF-CA1C-42E8-B335-E0001B9FC713}.Debug|Any CPU.ActiveCfg = Debug|Any CPU
		{42C669FF-CA1C-42E8-B335-E0001B9FC713}.Debug|Any CPU.Build.0 = Debug|Any CPU
		{42C669FF-CA1C-42E8-B335-E0001B9FC713}.Release|Any CPU.ActiveCfg = Release|Any CPU
		{42C669FF-CA1C-42E8-B335-E0001B9FC713}.Release|Any CPU.Build.0 = Release|Any CPU
		{A18837F6-39FD-4E53-876C-12D03358B4BE}.Debug|Any CPU.ActiveCfg = Debug|Any CPU
		{A18837F6-39FD-4E53-876C-12D03358B4BE}.Debug|Any CPU.Build.0 = Debug|Any CPU
		{A18837F6-39FD-4E53-876C-12D03358B4BE}.Release|Any CPU.ActiveCfg = Release|Any CPU
		{A18837F6-39FD-4E53-876C-12D03358B4BE}.Release|Any CPU.Build.0 = Release|Any CPU
		{E19F2B92-355D-4391-86B3-4A8115FAE32E}.Debug|Any CPU.ActiveCfg = Debug|Any CPU
		{E19F2B92-355D-4391-86B3-4A8115FAE32E}.Debug|Any CPU.Build.0 = Debug|Any CPU
		{E19F2B92-355D-4391-86B3-4A8115FAE32E}.Release|Any CPU.ActiveCfg = Release|Any CPU
		{E19F2B92-355D-4391-86B3-4A8115FAE32E}.Release|Any CPU.Build.0 = Release|Any CPU
		{F3E020BA-7322-45AD-B0F5-645418AA8CE3}.Debug|Any CPU.ActiveCfg = Debug|Any CPU
		{F3E020BA-7322-45AD-B0F5-645418AA8CE3}.Debug|Any CPU.Build.0 = Debug|Any CPU
		{F3E020BA-7322-45AD-B0F5-645418AA8CE3}.Release|Any CPU.ActiveCfg = Release|Any CPU
		{F3E020BA-7322-45AD-B0F5-645418AA8CE3}.Release|Any CPU.Build.0 = Release|Any CPU
	EndGlobalSection
	GlobalSection(SolutionProperties) = preSolution
		HideSolutionNode = FALSE
	EndGlobalSection
	GlobalSection(NestedProjects) = preSolution
		{4FBA3981-44AF-4050-B280-BD25ADDB42D6} = {AD5EFA6B-409E-44A9-94A7-C25F8585E6A2}
		{0FEA1634-3441-4967-A800-91C6937DC5E0} = {D5BE2A21-BC15-4B08-80D0-8F6A40681581}
		{02B7ECAC-0B7C-46DD-8802-95E55A25BE10} = {D5BE2A21-BC15-4B08-80D0-8F6A40681581}
		{2FC2558D-1A50-4F0E-8552-3A107AB87787} = {C348CCB9-5CEF-46CB-9C4B-F231F591A947}
		{42C669FF-CA1C-42E8-B335-E0001B9FC713} = {C348CCB9-5CEF-46CB-9C4B-F231F591A947}
		{A18837F6-39FD-4E53-876C-12D03358B4BE} = {AD5EFA6B-409E-44A9-94A7-C25F8585E6A2}
		{E19F2B92-355D-4391-86B3-4A8115FAE32E} = {4CEC6916-65B5-4B3A-A710-003BC5A7F02F}
		{F3E020BA-7322-45AD-B0F5-645418AA8CE3} = {779AD736-D0B0-4D8A-B8D0-BDFD57CC6D38}
	EndGlobalSection
	GlobalSection(ExtensibilityGlobals) = postSolution
		SolutionGuid = {34626DEE-BF8C-40B9-8A2A-DAF8F2B2C69B}
	EndGlobalSection
EndGlobal
